lockfileVersion: '9.0'

settings:
  autoInstallPeers: true
  excludeLinksFromLockfile: false

importers:

  .:
    devDependencies:
      '@types/k6':
        specifier: ^1.7.0
        version: 1.7.0

packages:

  '@types/k6@1.7.0':
    resolution: {integrity: sha512-oL4mckVcOPIA2HUrCVj3aQXCJgCqsQe35Uc4fRTffmrQuR24v92GJImnagqUaRnC1TQVJFx85o3aHQPP+0bxpg==}

snapshots:

  '@types/k6@1.7.0': {}
